
Microsoft Visual Studio Solution File, Format Version 12.00
# Visual Studio 15
VisualStudioVersion = 15.0.28307.438
MinimumVisualStudioVersion = 10.0.40219.1
Project("{FAE04EC0-301F-11D3-BF4B-00C04F79EFBC}") = "LastOne", "ClassLibrary1\LastOne.csproj", "{47615F89-A3F6-47D4-BA96-63FC77C9F21F}"
EndProject
Global
	GlobalSection(SolutionConfigurationPlatforms) = preSolution
		Debug|Any CPU = Debug|Any CPU
		Release|Any CPU = Release|Any CPU
	EndGlobalSection
	GlobalSection(ProjectConfigurationPlatforms) = postSolution
		{47615F89-A3F6-47D4-BA96-63FC77C9F21F}.Debug|Any CPU.ActiveCfg = Debug|Any CPU
		{47615F89-A3F6-47D4-BA96-63FC77C9F21F}.Debug|Any CPU.Build.0 = Debug|Any CPU
		{47615F89-A3F6-47D4-BA96-63FC77C9F21F}.Release|Any CPU.ActiveCfg = Release|Any CPU
		{47615F89-A3F6-47D4-BA96-63FC77C9F21F}.Release|Any CPU.Build.0 = Release|Any CPU
	EndGlobalSection
	GlobalSection(SolutionProperties) = preSolution
		HideSolutionNode = FALSE
	EndGlobalSection
	GlobalSection(ExtensibilityGlobals) = postSolution
		SolutionGuid = {6BB68DEF-4922-4D34-ABDF-8852254ABD74}
	EndGlobalSection
EndGlobal
